<?xml version="1.0" encoding="utf-8"?>
<Project ToolsVersion="4.0" xmlns="http://schemas.microsoft.com/developer/msbuild/2003">
  <ItemGroup>
    <ClCompile Include="SourceParser.c">
      <Filter>SourceParser</Filter>
    </ClCompile>
    <ClCompile Include="KGFile.c">
      <Filter>IO</Filter>
    </ClCompile>
    <ClCompile Include="KGErrors.c">
      <Filter>Errors</Filter>
    </ClCompile>
    <ClCompile Include="KGMemory.c">
      <Filter>Memory</Filter>
    </ClCompile>
    <ClCompile Include="StringBuilder.c">
      <Filter>String</Filter>
    </ClCompile>
    <ClCompile Include="KGCompiler.c">
      <Filter>Compiler</Filter>
    </ClCompile>
    <ClCompile Include="SourceFileObject.c">
      <Filter>SourceParser</Filter>
    </ClCompile>
  </ItemGroup>
  <ItemGroup>
    <Filter Include="IO">
      <UniqueIdentifier>{cbc68f94-099a-4d42-96e6-a7768e029e46}</UniqueIdentifier>
    </Filter>
    <Filter Include="Errors">
      <UniqueIdentifier>{c977d375-ce08-4246-bfe3-c543e75bee82}</UniqueIdentifier>
    </Filter>
    <Filter Include="Memory">
      <UniqueIdentifier>{3284dec9-edde-4729-901a-f93ad6048436}</UniqueIdentifier>
    </Filter>
    <Filter Include="String">
      <UniqueIdentifier>{bd6ae2cb-b438-4e25-9002-5ee079408cfa}</UniqueIdentifier>
    </Filter>
    <Filter Include="SourceParser">
      <UniqueIdentifier>{46cf4934-6c1f-4a30-95a4-90708df551d2}</UniqueIdentifier>
    </Filter>
    <Filter Include="Compiler">
      <UniqueIdentifier>{803932e7-05d8-4463-ba52-32615604b802}</UniqueIdentifier>
    </Filter>
  </ItemGroup>
  <ItemGroup>
    <ClInclude Include="SourceParser.h">
      <Filter>SourceParser</Filter>
    </ClInclude>
    <ClInclude Include="KGFile.h">
      <Filter>IO</Filter>
    </ClInclude>
    <ClInclude Include="KGErrors.h">
      <Filter>Errors</Filter>
    </ClInclude>
    <ClInclude Include="StringBuilder.h">
      <Filter>String</Filter>
    </ClInclude>
    <ClInclude Include="SourceFileObject.h">
      <Filter>SourceParser</Filter>
    </ClInclude>
  </ItemGroup>
  <ItemGroup>
    <Text Include="LangSpecification.txt" />
  </ItemGroup>
  <ItemGroup>
    <None Include="KGMemory.h">
      <Filter>Memory</Filter>
    </None>
  </ItemGroup>
</Project>